
Microsoft Visual Studio Solution File, Format Version 12.00
# Visual Studio Version 17
VisualStudioVersion = 17.2.32616.157
MinimumVisualStudioVersion = 10.0.40219.1
Project("{9A19103F-16F7-4668-BE54-9A1E7A4F7556}") = "InforceTask", "InforceTask\InforceTask.csproj", "{662B355E-2B56-47DB-B7A6-D1913391F1A2}"
EndProject
Project("{FAE04EC0-301F-11D3-BF4B-00C04F79EFBC}") = "InforceTask.DAL", "InforceTask.DAL\InforceTask.DAL.csproj", "{95D2CFF7-04D6-4244-91BB-6316149C0F56}"
EndProject
Project("{FAE04EC0-301F-11D3-BF4B-00C04F79EFBC}") = "InforceTask.BLL", "InforceTask.BLL\InforceTask.BLL.csproj", "{E8CE6216-4ABC-4A4D-BED0-531BEFC3B474}"
EndProject
Global
	GlobalSection(SolutionConfigurationPlatforms) = preSolution
		Debug|Any CPU = Debug|Any CPU
		Release|Any CPU = Release|Any CPU
	EndGlobalSection
	GlobalSection(ProjectConfigurationPlatforms) = postSolution
		{662B355E-2B56-47DB-B7A6-D1913391F1A2}.Debug|Any CPU.ActiveCfg = Debug|Any CPU
		{662B355E-2B56-47DB-B7A6-D1913391F1A2}.Debug|Any CPU.Build.0 = Debug|Any CPU
		{662B355E-2B56-47DB-B7A6-D1913391F1A2}.Release|Any CPU.ActiveCfg = Release|Any CPU
		{662B355E-2B56-47DB-B7A6-D1913391F1A2}.Release|Any CPU.Build.0 = Release|Any CPU
		{95D2CFF7-04D6-4244-91BB-6316149C0F56}.Debug|Any CPU.ActiveCfg = Debug|Any CPU
		{95D2CFF7-04D6-4244-91BB-6316149C0F56}.Debug|Any CPU.Build.0 = Debug|Any CPU
		{95D2CFF7-04D6-4244-91BB-6316149C0F56}.Release|Any CPU.ActiveCfg = Release|Any CPU
		{95D2CFF7-04D6-4244-91BB-6316149C0F56}.Release|Any CPU.Build.0 = Release|Any CPU
		{E8CE6216-4ABC-4A4D-BED0-531BEFC3B474}.Debug|Any CPU.ActiveCfg = Debug|Any CPU
		{E8CE6216-4ABC-4A4D-BED0-531BEFC3B474}.Debug|Any CPU.Build.0 = Debug|Any CPU
		{E8CE6216-4ABC-4A4D-BED0-531BEFC3B474}.Release|Any CPU.ActiveCfg = Release|Any CPU
		{E8CE6216-4ABC-4A4D-BED0-531BEFC3B474}.Release|Any CPU.Build.0 = Release|Any CPU
	EndGlobalSection
	GlobalSection(SolutionProperties) = preSolution
		HideSolutionNode = FALSE
	EndGlobalSection
	GlobalSection(ExtensibilityGlobals) = postSolution
		SolutionGuid = {F28D5C2C-2283-484D-9FD5-8D91E2E9FF1E}
	EndGlobalSection
EndGlobal
